// !$*UTF8*$!
{
	archiveVersion = 1;
	classes = {
	};
	objectVersion = 50;
	objects = {

/* Begin PBXBuildFile section */
		F37F7D7321F527B6006722B3 /* AppDelegate.swift in Sources */ = {isa = PBXBuildFile; fileRef = F37F7D7221F527B6006722B3 /* AppDelegate.swift */; };
		F37F7D7521F527B6006722B3 /* ViewController.swift in Sources */ = {isa = PBXBuildFile; fileRef = F37F7D7421F527B6006722B3 /* ViewController.swift */; };
		F37F7D7821F527B6006722B3 /* Main.storyboard in Resources */ = {isa = PBXBuildFile; fileRef = F37F7D7621F527B6006722B3 /* Main.storyboard */; };
		F37F7D7A21F527BB006722B3 /* Assets.xcassets in Resources */ = {isa = PBXBuildFile; fileRef = F37F7D7921F527BB006722B3 /* Assets.xcassets */; };
		F37F7D7D21F527BB006722B3 /* LaunchScreen.storyboard in Resources */ = {isa = PBXBuildFile; fileRef = F37F7D7B21F527BB006722B3 /* LaunchScreen.storyboard */; };
		F37F7D8821F527BB006722B3 /* MapsTests.swift in Sources */ = {isa = PBXBuildFile; fileRef = F37F7D8721F527BB006722B3 /* MapsTests.swift */; };
		F37F7D9321F527BC006722B3 /* MapsUITests.swift in Sources */ = {isa = PBXBuildFile; fileRef = F37F7D9221F527BC006722B3 /* MapsUITests.swift */; };
/* End PBXBuildFile section */

/* Begin PBXContainerItemProxy section */
		F37F7D8421F527BB006722B3 /* PBXContainerItemProxy */ = {
			isa = PBXContainerItemProxy;
			containerPortal = F37F7D6721F527B6006722B3 /* Project object */;
			proxyType = 1;
			remoteGlobalIDString = F37F7D6E21F527B6006722B3;
			remoteInfo = Maps;
		};
		F37F7D8F21F527BC006722B3 /* PBXContainerItemProxy */ = {
			isa = PBXContainerItemProxy;
			containerPortal = F37F7D6721F527B6006722B3 /* Project object */;
			proxyType = 1;
			remoteGlobalIDString = F37F7D6E21F527B6006722B3;
			remoteInfo = Maps;
		};
/* End PBXContainerItemProxy section */

/* Begin PBXFileReference section */
		F37F7D6F21F527B6006722B3 /* Maps.app */ = {isa = PBXFileReference; explicitFileType = wrapper.application; includeInIndex = 0; path = Maps.app; sourceTree = BUILT_PRODUCTS_DIR; };
		F37F7D7221F527B6006722B3 /* AppDelegate.swift */ = {isa = PBXFileReference; lastKnownFileType = sourcecode.swift; path = AppDelegate.swift; sourceTree = "<group>"; };
		F37F7D7421F527B6006722B3 /* ViewController.swift */ = {isa = PBXFileReference; lastKnownFileType = sourcecode.swift; path = ViewController.swift; sourceTree = "<group>"; };
		F37F7D7721F527B6006722B3 /* Base */ = {isa = PBXFileReference; lastKnownFileType = file.storyboard; name = Base; path = Base.lproj/Main.storyboard; sourceTree = "<group>"; };
		F37F7D7921F527BB006722B3 /* Assets.xcassets */ = {isa = PBXFileReference; lastKnownFileType = folder.assetcatalog; path = Assets.xcassets; sourceTree = "<group>"; };
		F37F7D7C21F527BB006722B3 /* Base */ = {isa = PBXFileReference; lastKnownFileType = file.storyboard; name = Base; path = Base.lproj/LaunchScreen.storyboard; sourceTree = "<group>"; };
		F37F7D7E21F527BB006722B3 /* Info.plist */ = {isa = PBXFileReference; lastKnownFileType = text.plist.xml; path = Info.plist; sourceTree = "<group>"; };
		F37F7D8321F527BB006722B3 /* MapsTests.xctest */ = {isa = PBXFileReference; explicitFileType = wrapper.cfbundle; includeInIndex = 0; path = MapsTests.xctest; sourceTree = BUILT_PRODUCTS_DIR; };
		F37F7D8721F527BB006722B3 /* MapsTests.swift */ = {isa = PBXFileReference; lastKnownFileType = sourcecode.swift; path = MapsTests.swift; sourceTree = "<group>"; };
		F37F7D8921F527BB006722B3 /* Info.plist */ = {isa = PBXFileReference; lastKnownFileType = text.plist.xml; path = Info.plist; sourceTree = "<group>"; };
		F37F7D8E21F527BC006722B3 /* MapsUITests.xctest */ = {isa = PBXFileReference; explicitFileType = wrapper.cfbundle; includeInIndex = 0; path = MapsUITests.xctest; sourceTree = BUILT_PRODUCTS_DIR; };
		F37F7D9221F527BC006722B3 /* MapsUITests.swift */ = {isa = PBXFileReference; lastKnownFileType = sourcecode.swift; path = MapsUITests.swift; sourceTree = "<group>"; };
		F37F7D9421F527BC006722B3 /* Info.plist */ = {isa = PBXFileReference; lastKnownFileType = text.plist.xml; path = Info.plist; sourceTree = "<group>"; };
/* End PBXFileReference section */

/* Begin PBXFrameworksBuildPhase section */
		F37F7D6C21F527B6006722B3 /* Frameworks */ = {
			isa = PBXFrameworksBuildPhase;
			buildActionMask = 2147483647;
			files = (
			);
			runOnlyForDeploymentPostprocessing = 0;
		};
		F37F7D8021F527BB006722B3 /* Frameworks */ = {
			isa = PBXFrameworksBuildPhase;
			buildActionMask = 2147483647;
			files = (
			);
			runOnlyForDeploymentPostprocessing = 0;
		};
		F37F7D8B21F527BC006722B3 /* Frameworks */ = {
			isa = PBXFrameworksBuildPhase;
			buildActionMask = 2147483647;
			files = (
			);
			runOnlyForDeploymentPostprocessing = 0;
		};
/* End PBXFrameworksBuildPhase section */

/* Begin PBXGroup section */
		F37F7D6621F527B6006722B3 = {
			isa = PBXGroup;
			children = (
				F37F7D7121F527B6006722B3 /* Maps */,
				F37F7D8621F527BB006722B3 /* MapsTests */,
				F37F7D9121F527BC006722B3 /* MapsUITests */,
				F37F7D7021F527B6006722B3 /* Products */,
			);
			sourceTree = "<group>";
		};
		F37F7D7021F527B6006722B3 /* Products */ = {
			isa = PBXGroup;
			children = (
				F37F7D6F21F527B6006722B3 /* Maps.app */,
				F37F7D8321F527BB006722B3 /* MapsTests.xctest */,
				F37F7D8E21F527BC006722B3 /* MapsUITests.xctest */,
			);
			name = Products;
			sourceTree = "<group>";
		};
		F37F7D7121F527B6006722B3 /* Maps */ = {
			isa = PBXGroup;
			children = (
				F37F7D7221F527B6006722B3 /* AppDelegate.swift */,
				F37F7D7421F527B6006722B3 /* ViewController.swift */,
				F37F7D7621F527B6006722B3 /* Main.storyboard */,
				F37F7D7921F527BB006722B3 /* Assets.xcassets */,
				F37F7D7B21F527BB006722B3 /* LaunchScreen.storyboard */,
				F37F7D7E21F527BB006722B3 /* Info.plist */,
			);
			path = Maps;
			sourceTree = "<group>";
		};
		F37F7D8621F527BB006722B3 /* MapsTests */ = {
			isa = PBXGroup;
			children = (
				F37F7D8721F527BB006722B3 /* MapsTests.swift */,
				F37F7D8921F527BB006722B3 /* Info.plist */,
			);
			path = MapsTests;
			sourceTree = "<group>";
		};
		F37F7D9121F527BC006722B3 /* MapsUITests */ = {
			isa = PBXGroup;
			children = (
				F37F7D9221F527BC006722B3 /* MapsUITests.swift */,
				F37F7D9421F527BC006722B3 /* Info.plist */,
			);
			path = MapsUITests;
			sourceTree = "<group>";
		};
/* End PBXGroup section */

/* Begin PBXNativeTarget section */
		F37F7D6E21F527B6006722B3 /* Maps */ = {
			isa = PBXNativeTarget;
			buildConfigurationList = F37F7D9721F527BC006722B3 /* Build configuration list for PBXNativeTarget "Maps" */;
			buildPhases = (
				F37F7D6B21F527B6006722B3 /* Sources */,
				F37F7D6C21F527B6006722B3 /* Frameworks */,
				F37F7D6D21F527B6006722B3 /* Resources */,
			);
			buildRules = (
			);
			dependencies = (
			);
			name = Maps;
			productName = Maps;
			productReference = F37F7D6F21F527B6006722B3 /* Maps.app */;
			productType = "com.apple.product-type.application";
		};
		F37F7D8221F527BB006722B3 /* MapsTests */ = {
			isa = PBXNativeTarget;
			buildConfigurationList = F37F7D9A21F527BC006722B3 /* Build configuration list for PBXNativeTarget "MapsTests" */;
			buildPhases = (
				F37F7D7F21F527BB006722B3 /* Sources */,
				F37F7D8021F527BB006722B3 /* Frameworks */,
				F37F7D8121F527BB006722B3 /* Resources */,
			);
			buildRules = (
			);
			dependencies = (
				F37F7D8521F527BB006722B3 /* PBXTargetDependency */,
			);
			name = MapsTests;
			productName = MapsTests;
			productReference = F37F7D8321F527BB006722B3 /* MapsTests.xctest */;
			productType = "com.apple.product-type.bundle.unit-test";
		};
		F37F7D8D21F527BC006722B3 /* MapsUITests */ = {
			isa = PBXNativeTarget;
			buildConfigurationList = F37F7D9D21F527BC006722B3 /* Build configuration list for PBXNativeTarget "MapsUITests" */;
			buildPhases = (
				F37F7D8A21F527BC006722B3 /* Sources */,
				F37F7D8B21F527BC006722B3 /* Frameworks */,
				F37F7D8C21F527BC006722B3 /* Resources */,
			);
			buildRules = (
			);
			dependencies = (
				F37F7D9021F527BC006722B3 /* PBXTargetDependency */,
			);
			name = MapsUITests;
			productName = MapsUITests;
			productReference = F37F7D8E21F527BC006722B3 /* MapsUITests.xctest */;
			productType = "com.apple.product-type.bundle.ui-testing";
		};
/* End PBXNativeTarget section */

/* Begin PBXProject section */
		F37F7D6721F527B6006722B3 /* Project object */ = {
			isa = PBXProject;
			attributes = {
				LastSwiftUpdateCheck = 1010;
				LastUpgradeCheck = 1010;
				ORGANIZATIONNAME = sneakysneak;
				TargetAttributes = {
					F37F7D6E21F527B6006722B3 = {
						CreatedOnToolsVersion = 10.1;
					};
					F37F7D8221F527BB006722B3 = {
						CreatedOnToolsVersion = 10.1;
						TestTargetID = F37F7D6E21F527B6006722B3;
					};
					F37F7D8D21F527BC006722B3 = {
						CreatedOnToolsVersion = 10.1;
						TestTargetID = F37F7D6E21F527B6006722B3;
					};
				};
			};
			buildConfigurationList = F37F7D6A21F527B6006722B3 /* Build configuration list for PBXProject "Maps" */;
			compatibilityVersion = "Xcode 9.3";
			developmentRegion = en;
			hasScannedForEncodings = 0;
			knownRegions = (
				en,
				Base,
			);
			mainGroup = F37F7D6621F527B6006722B3;
			productRefGroup = F37F7D7021F527B6006722B3 /* Products */;
			projectDirPath = "";
			projectRoot = "";
			targets = (
				F37F7D6E21F527B6006722B3 /* Maps */,
				F37F7D8221F527BB006722B3 /* MapsTests */,
				F37F7D8D21F527BC006722B3 /* MapsUITests */,
			);
		};
/* End PBXProject section */

/* Begin PBXResourcesBuildPhase section */
		F37F7D6D21F527B6006722B3 /* Resources */ = {
			isa = PBXResourcesBuildPhase;
			buildActionMask = 2147483647;
			files = (
				F37F7D7D21F527BB006722B3 /* LaunchScreen.storyboard in Resources */,
				F37F7D7A21F527BB006722B3 /* Assets.xcassets in Resources */,
				F37F7D7821F527B6006722B3 /* Main.storyboard in Resources */,
			);
			runOnlyForDeploymentPostprocessing = 0;
		};
		F37F7D8121F527BB006722B3 /* Resources */ = {
			isa = PBXResourcesBuildPhase;
			buildActionMask = 2147483647;
			files = (
			);
			runOnlyForDeploymentPostprocessing = 0;
		};
		F37F7D8C21F527BC006722B3 /* Resources */ = {
			isa = PBXResourcesBuildPhase;
			buildActionMask = 2147483647;
			files = (
			);
			runOnlyForDeploymentPostprocessing = 0;
		};
/* End PBXResourcesBuildPhase section */

/* Begin PBXSourcesBuildPhase section */
		F37F7D6B21F527B6006722B3 /* Sources */ = {
			isa = PBXSourcesBuildPhase;
			buildActionMask = 2147483647;
			files = (
				F37F7D7521F527B6006722B3 /* ViewController.swift in Sources */,
				F37F7D7321F527B6006722B3 /* AppDelegate.swift in Sources */,
			);
			runOnlyForDeploymentPostprocessing = 0;
		};
		F37F7D7F21F527BB006722B3 /* Sources */ = {
			isa = PBXSourcesBuildPhase;
			buildActionMask = 2147483647;
			files = (
				F37F7D8821F527BB006722B3 /* MapsTests.swift in Sources */,
			);
			runOnlyForDeploymentPostprocessing = 0;
		};
		F37F7D8A21F527BC006722B3 /* Sources */ = {
			isa = PBXSourcesBuildPhase;
			buildActionMask = 2147483647;
			files = (
				F37F7D9321F527BC006722B3 /* MapsUITests.swift in Sources */,
			);
			runOnlyForDeploymentPostprocessing = 0;
		};
/* End PBXSourcesBuildPhase section */

/* Begin PBXTargetDependency section */
		F37F7D8521F527BB006722B3 /* PBXTargetDependency */ = {
			isa = PBXTargetDependency;
			target = F37F7D6E21F527B6006722B3 /* Maps */;
			targetProxy = F37F7D8421F527BB006722B3 /* PBXContainerItemProxy */;
		};
		F37F7D9021F527BC006722B3 /* PBXTargetDependency */ = {
			isa = PBXTargetDependency;
			target = F37F7D6E21F527B6006722B3 /* Maps */;
			targetProxy = F37F7D8F21F527BC006722B3 /* PBXContainerItemProxy */;
		};
/* End PBXTargetDependency section */

/* Begin PBXVariantGroup section */
		F37F7D7621F527B6006722B3 /* Main.storyboard */ = {
			isa = PBXVariantGroup;
			children = (
				F37F7D7721F527B6006722B3 /* Base */,
			);
			name = Main.storyboard;
			sourceTree = "<group>";
		};
		F37F7D7B21F527BB006722B3 /* LaunchScreen.storyboard */ = {
			isa = PBXVariantGroup;
			children = (
				F37F7D7C21F527BB006722B3 /* Base */,
			);
			name = LaunchScreen.storyboard;
			sourceTree = "<group>";
		};
/* End PBXVariantGroup section */

/* Begin XCBuildConfiguration section */
		F37F7D9521F527BC006722B3 /* Debug */ = {
			isa = XCBuildConfiguration;
			buildSettings = {
				ALWAYS_SEARCH_USER_PATHS = NO;
				CLANG_ANALYZER_NONNULL = YES;
				CLANG_ANALYZER_NUMBER_OBJECT_CONVERSION = YES_AGGRESSIVE;
				CLANG_CXX_LANGUAGE_STANDARD = "gnu++14";
				CLANG_CXX_LIBRARY = "libc++";
				CLANG_ENABLE_MODULES = YES;
				CLANG_ENABLE_OBJC_ARC = YES;
				CLANG_ENABLE_OBJC_WEAK = YES;
				CLANG_WARN_BLOCK_CAPTURE_AUTORELEASING = YES;
				CLANG_WARN_BOOL_CONVERSION = YES;
				CLANG_WARN_COMMA = YES;
				CLANG_WARN_CONSTANT_CONVERSION = YES;
				CLANG_WARN_DEPRECATED_OBJC_IMPLEMENTATIONS = YES;
				CLANG_WARN_DIRECT_OBJC_ISA_USAGE = YES_ERROR;
				CLANG_WARN_DOCUMENTATION_COMMENTS = YES;
				CLANG_WARN_EMPTY_BODY = YES;
				CLANG_WARN_ENUM_CONVERSION = YES;
				CLANG_WARN_INFINITE_RECURSION = YES;
				CLANG_WARN_INT_CONVERSION = YES;
				CLANG_WARN_NON_LITERAL_NULL_CONVERSION = YES;
				CLANG_WARN_OBJC_IMPLICIT_RETAIN_SELF = YES;
				CLANG_WARN_OBJC_LITERAL_CONVERSION = YES;
				CLANG_WARN_OBJC_ROOT_CLASS = YES_ERROR;
				CLANG_WARN_RANGE_LOOP_ANALYSIS = YES;
				CLANG_WARN_STRICT_PROTOTYPES = YES;
				CLANG_WARN_SUSPICIOUS_MOVE = YES;
				CLANG_WARN_UNGUARDED_AVAILABILITY = YES_AGGRESSIVE;
				CLANG_WARN_UNREACHABLE_CODE = YES;
				CLANG_WARN__DUPLICATE_METHOD_MATCH = YES;
				CODE_SIGN_IDENTITY = "iPhone Developer";
				COPY_PHASE_STRIP = NO;
				DEBUG_INFORMATION_FORMAT = dwarf;
				ENABLE_STRICT_OBJC_MSGSEND = YES;
				ENABLE_TESTABILITY = YES;
				GCC_C_LANGUAGE_STANDARD = gnu11;
				GCC_DYNAMIC_NO_PIC = NO;
				GCC_NO_COMMON_BLOCKS = YES;
				GCC_OPTIMIZATION_LEVEL = 0;
				GCC_PREPROCESSOR_DEFINITIONS = (
					"DEBUG=1",
					"$(inherited)",
				);
				GCC_WARN_64_TO_32_BIT_CONVERSION = YES;
				GCC_WARN_ABOUT_RETURN_TYPE = YES_ERROR;
				GCC_WARN_UNDECLARED_SELECTOR = YES;
				GCC_WARN_UNINITIALIZED_AUTOS = YES_AGGRESSIVE;
				GCC_WARN_UNUSED_FUNCTION = YES;
				GCC_WARN_UNUSED_VARIABLE = YES;
				IPHONEOS_DEPLOYMENT_TARGET = 12.1;
				MTL_ENABLE_DEBUG_INFO = INCLUDE_SOURCE;
				MTL_FAST_MATH = YES;
				ONLY_ACTIVE_ARCH = YES;
				SDKROOT = iphoneos;
				SWIFT_ACTIVE_COMPILATION_CONDITIONS = DEBUG;
				SWIFT_OPTIMIZATION_LEVEL = "-Onone";
			};
			name = Debug;
		};
		F37F7D9621F527BC006722B3 /* Release */ = {
			isa = XCBuildConfiguration;
			buildSettings = {
				ALWAYS_SEARCH_USER_PATHS = NO;
				CLANG_ANALYZER_NONNULL = YES;
				CLANG_ANALYZER_NUMBER_OBJECT_CONVERSION = YES_AGGRESSIVE;
				CLANG_CXX_LANGUAGE_STANDARD = "gnu++14";
				CLANG_CXX_LIBRARY = "libc++";
				CLANG_ENABLE_MODULES = YES;
				CLANG_ENABLE_OBJC_ARC = YES;
				CLANG_ENABLE_OBJC_WEAK = YES;
				CLANG_WARN_BLOCK_CAPTURE_AUTORELEASING = YES;
				CLANG_WARN_BOOL_CONVERSION = YES;
				CLANG_WARN_COMMA = YES;
				CLANG_WARN_CONSTANT_CONVERSION = YES;
				CLANG_WARN_DEPRECATED_OBJC_IMPLEMENTATIONS = YES;
				CLANG_WARN_DIRECT_OBJC_ISA_USAGE = YES_ERROR;
				CLANG_WARN_DOCUMENTATION_COMMENTS = YES;
				CLANG_WARN_EMPTY_BODY = YES;
				CLANG_WARN_ENUM_CONVERSION = YES;
				CLANG_WARN_INFINITE_RECURSION = YES;
				CLANG_WARN_INT_CONVERSION = YES;
				CLANG_WARN_NON_LITERAL_NULL_CONVERSION = YES;
				CLANG_WARN_OBJC_IMPLICIT_RETAIN_SELF = YES;
				CLANG_WARN_OBJC_LITERAL_CONVERSION = YES;
				CLANG_WARN_OBJC_ROOT_CLASS = YES_ERROR;
				CLANG_WARN_RANGE_LOOP_ANALYSIS = YES;
				CLANG_WARN_STRICT_PROTOTYPES = YES;
				CLANG_WARN_SUSPICIOUS_MOVE = YES;
				CLANG_WARN_UNGUARDED_AVAILABILITY = YES_AGGRESSIVE;
				CLANG_WARN_UNREACHABLE_CODE = YES;
				CLANG_WARN__DUPLICATE_METHOD_MATCH = YES;
				CODE_SIGN_IDENTITY = "iPhone Developer";
				COPY_PHASE_STRIP = NO;
				DEBUG_INFORMATION_FORMAT = "dwarf-with-dsym";
				ENABLE_NS_ASSERTIONS = NO;
				ENABLE_STRICT_OBJC_MSGSEND = YES;
				GCC_C_LANGUAGE_STANDARD = gnu11;
				GCC_NO_COMMON_BLOCKS = YES;
				GCC_WARN_64_TO_32_BIT_CONVERSION = YES;
				GCC_WARN_ABOUT_RETURN_TYPE = YES_ERROR;
				GCC_WARN_UNDECLARED_SELECTOR = YES;
				GCC_WARN_UNINITIALIZED_AUTOS = YES_AGGRESSIVE;
				GCC_WARN_UNUSED_FUNCTION = YES;
				GCC_WARN_UNUSED_VARIABLE = YES;
				IPHONEOS_DEPLOYMENT_TARGET = 12.1;
				MTL_ENABLE_DEBUG_INFO = NO;
				MTL_FAST_MATH = YES;
				SDKROOT = iphoneos;
				SWIFT_COMPILATION_MODE = wholemodule;
				SWIFT_OPTIMIZATION_LEVEL = "-O";
				VALIDATE_PRODUCT = YES;
			};
			name = Release;
		};
		F37F7D9821F527BC006722B3 /* Debug */ = {
			isa = XCBuildConfiguration;
			buildSettings = {
				ASSETCATALOG_COMPILER_APPICON_NAME = AppIcon;
				CODE_SIGN_STYLE = Automatic;
				DEVELOPMENT_TEAM = RL6G7B44H6;
				INFOPLIST_FILE = Maps/Info.plist;
				LD_RUNPATH_SEARCH_PATHS = (
					"$(inherited)",
					"@executable_path/Frameworks",
				);
				PRODUCT_BUNDLE_IDENTIFIER = sneakysneak.Maps;
				PRODUCT_NAME = "$(TARGET_NAME)";
				SWIFT_VERSION = 4.2;
				TARGETED_DEVICE_FAMILY = "1,2";
			};
			name = Debug;
		};
		F37F7D9921F527BC006722B3 /* Release */ = {
			isa = XCBuildConfiguration;
			buildSettings = {
				ASSETCATALOG_COMPILER_APPICON_NAME = AppIcon;
				CODE_SIGN_STYLE = Automatic;
				DEVELOPMENT_TEAM = RL6G7B44H6;
				INFOPLIST_FILE = Maps/Info.plist;
				LD_RUNPATH_SEARCH_PATHS = (
					"$(inherited)",
					"@executable_path/Frameworks",
				);
				PRODUCT_BUNDLE_IDENTIFIER = sneakysneak.Maps;
				PRODUCT_NAME = "$(TARGET_NAME)";
				SWIFT_VERSION = 4.2;
				TARGETED_DEVICE_FAMILY = "1,2";
			};
			name = Release;
		};
		F37F7D9B21F527BC006722B3 /* Debug */ = {
			isa = XCBuildConfiguration;
			buildSettings = {
				ALWAYS_EMBED_SWIFT_STANDARD_LIBRARIES = YES;
				BUNDLE_LOADER = "$(TEST_HOST)";
				CODE_SIGN_STYLE = Automatic;
				DEVELOPMENT_TEAM = RL6G7B44H6;
				INFOPLIST_FILE = MapsTests/Info.plist;
				LD_RUNPATH_SEARCH_PATHS = (
					"$(inherited)",
					"@executable_path/Frameworks",
					"@loader_path/Frameworks",
				);
				PRODUCT_BUNDLE_IDENTIFIER = sneakysneak.MapsTests;
				PRODUCT_NAME = "$(TARGET_NAME)";
				SWIFT_VERSION = 4.2;
				TARGETED_DEVICE_FAMILY = "1,2";
				TEST_HOST = "$(BUILT_PRODUCTS_DIR)/Maps.app/Maps";
			};
			name = Debug;
		};
		F37F7D9C21F527BC006722B3 /* Release */ = {
			isa = XCBuildConfiguration;
			buildSettings = {
				ALWAYS_EMBED_SWIFT_STANDARD_LIBRARIES = YES;
				BUNDLE_LOADER = "$(TEST_HOST)";
				CODE_SIGN_STYLE = Automatic;
				DEVELOPMENT_TEAM = RL6G7B44H6;
				INFOPLIST_FILE = MapsTests/Info.plist;
				LD_RUNPATH_SEARCH_PATHS = (
					"$(inherited)",
					"@executable_path/Frameworks",
					"@loader_path/Frameworks",
				);
				PRODUCT_BUNDLE_IDENTIFIER = sneakysneak.MapsTests;
				PRODUCT_NAME = "$(TARGET_NAME)";
				SWIFT_VERSION = 4.2;
				TARGETED_DEVICE_FAMILY = "1,2";
				TEST_HOST = "$(BUILT_PRODUCTS_DIR)/Maps.app/Maps";
			};
			name = Release;
		};
		F37F7D9E21F527BC006722B3 /* Debug */ = {
			isa = XCBuildConfiguration;
			buildSettings = {
				ALWAYS_EMBED_SWIFT_STANDARD_LIBRARIES = YES;
				CODE_SIGN_STYLE = Automatic;
				DEVELOPMENT_TEAM = RL6G7B44H6;
				INFOPLIST_FILE = MapsUITests/Info.plist;
				LD_RUNPATH_SEARCH_PATHS = (
					"$(inherited)",
					"@executable_path/Frameworks",
					"@loader_path/Frameworks",
				);
				PRODUCT_BUNDLE_IDENTIFIER = sneakysneak.MapsUITests;
				PRODUCT_NAME = "$(TARGET_NAME)";
				SWIFT_VERSION = 4.2;
				TARGETED_DEVICE_FAMILY = "1,2";
				TEST_TARGET_NAME = Maps;
			};
			name = Debug;
		};
		F37F7D9F21F527BC006722B3 /* Release */ = {
			isa = XCBuildConfiguration;
			buildSettings = {
				ALWAYS_EMBED_SWIFT_STANDARD_LIBRARIES = YES;
				CODE_SIGN_STYLE = Automatic;
				DEVELOPMENT_TEAM = RL6G7B44H6;
				INFOPLIST_FILE = MapsUITests/Info.plist;
				LD_RUNPATH_SEARCH_PATHS = (
					"$(inherited)",
					"@executable_path/Frameworks",
					"@loader_path/Frameworks",
				);
				PRODUCT_BUNDLE_IDENTIFIER = sneakysneak.MapsUITests;
				PRODUCT_NAME = "$(TARGET_NAME)";
				SWIFT_VERSION = 4.2;
				TARGETED_DEVICE_FAMILY = "1,2";
				TEST_TARGET_NAME = Maps;
			};
			name = Release;
		};
/* End XCBuildConfiguration section */

/* Begin XCConfigurationList section */
		F37F7D6A21F527B6006722B3 /* Build configuration list for PBXProject "Maps" */ = {
			isa = XCConfigurationList;
			buildConfigurations = (
				F37F7D9521F527BC006722B3 /* Debug */,
				F37F7D9621F527BC006722B3 /* Release */,
			);
			defaultConfigurationIsVisible = 0;
			defaultConfigurationName = Release;
		};
		F37F7D9721F527BC006722B3 /* Build configuration list for PBXNativeTarget "Maps" */ = {
			isa = XCConfigurationList;
			buildConfigurations = (
				F37F7D9821F527BC006722B3 /* Debug */,
				F37F7D9921F527BC006722B3 /* Release */,
			);
			defaultConfigurationIsVisible = 0;
			defaultConfigurationName = Release;
		};
		F37F7D9A21F527BC006722B3 /* Build configuration list for PBXNativeTarget "MapsTests" */ = {
			isa = XCConfigurationList;
			buildConfigurations = (
				F37F7D9B21F527BC006722B3 /* Debug */,
				F37F7D9C21F527BC006722B3 /* Release */,
			);
			defaultConfigurationIsVisible = 0;
			defaultConfigurationName = Release;
		};
		F37F7D9D21F527BC006722B3 /* Build configuration list for PBXNativeTarget "MapsUITests" */ = {
			isa = XCConfigurationList;
			buildConfigurations = (
				F37F7D9E21F527BC006722B3 /* Debug */,
				F37F7D9F21F527BC006722B3 /* Release */,
			);
			defaultConfigurationIsVisible = 0;
			defaultConfigurationName = Release;
		};
/* End XCConfigurationList section */
	};
	rootObject = F37F7D6721F527B6006722B3 /* Project object */;
}
